// !$*UTF8*$!
{
	archiveVersion = 1;
	classes = {
	};
	objectVersion = 46;
	objects = {

/* Begin PBXBuildFile section */
		4F4AC69D1A241E45000EA74E /* Person.m in Sources */ = {isa = PBXBuildFile; fileRef = 4F4AC69C1A241E45000EA74E /* Person.m */; };
		4FA68AB81A2324E50007ACC8 /* main.m in Sources */ = {isa = PBXBuildFile; fileRef = 4FA68AB71A2324E50007ACC8 /* main.m */; };
		4FA68ABB1A2324E50007ACC8 /* AppDelegate.m in Sources */ = {isa = PBXBuildFile; fileRef = 4FA68ABA1A2324E50007ACC8 /* AppDelegate.m */; };
		4FA68ABE1A2324E50007ACC8 /* ViewController.m in Sources */ = {isa = PBXBuildFile; fileRef = 4FA68ABD1A2324E50007ACC8 /* ViewController.m */; };
		4FA68AC11A2324E50007ACC8 /* Main.storyboard in Resources */ = {isa = PBXBuildFile; fileRef = 4FA68ABF1A2324E50007ACC8 /* Main.storyboard */; };
		4FA68AC31A2324E50007ACC8 /* Images.xcassets in Resources */ = {isa = PBXBuildFile; fileRef = 4FA68AC21A2324E50007ACC8 /* Images.xcassets */; };
		4FA68AC61A2324E50007ACC8 /* LaunchScreen.xib in Resources */ = {isa = PBXBuildFile; fileRef = 4FA68AC41A2324E50007ACC8 /* LaunchScreen.xib */; };
		4FA68AD21A2324E50007ACC8 /* HFDatabaseTests.m in Sources */ = {isa = PBXBuildFile; fileRef = 4FA68AD11A2324E50007ACC8 /* HFDatabaseTests.m */; };
		4FA68ADC1A2325300007ACC8 /* libsqlite3.dylib in Frameworks */ = {isa = PBXBuildFile; fileRef = 4FA68ADB1A2325300007ACC8 /* libsqlite3.dylib */; };
		4FA68ADF1A2325460007ACC8 /* HFDBManager.m in Sources */ = {isa = PBXBuildFile; fileRef = 4FA68ADE1A2325460007ACC8 /* HFDBManager.m */; };
		4FABFF9F1A2326E10017CBAC /* DetailViewController.m in Sources */ = {isa = PBXBuildFile; fileRef = 4FABFF9E1A2326E10017CBAC /* DetailViewController.m */; };
/* End PBXBuildFile section */

/* Begin PBXContainerItemProxy section */
		4FA68ACC1A2324E50007ACC8 /* PBXContainerItemProxy */ = {
			isa = PBXContainerItemProxy;
			containerPortal = 4FA68AAA1A2324E50007ACC8 /* Project object */;
			proxyType = 1;
			remoteGlobalIDString = 4FA68AB11A2324E50007ACC8;
			remoteInfo = HFDatabase;
		};
/* End PBXContainerItemProxy section */

/* Begin PBXFileReference section */
		4F4AC69B1A241E44000EA74E /* Person.h */ = {isa = PBXFileReference; fileEncoding = 4; lastKnownFileType = sourcecode.c.h; path = Person.h; sourceTree = "<group>"; };
		4F4AC69C1A241E45000EA74E /* Person.m */ = {isa = PBXFileReference; fileEncoding = 4; lastKnownFileType = sourcecode.c.objc; path = Person.m; sourceTree = "<group>"; };
		4FA68AB21A2324E50007ACC8 /* HFDatabase.app */ = {isa = PBXFileReference; explicitFileType = wrapper.application; includeInIndex = 0; path = HFDatabase.app; sourceTree = BUILT_PRODUCTS_DIR; };
		4FA68AB61A2324E50007ACC8 /* Info.plist */ = {isa = PBXFileReference; lastKnownFileType = text.plist.xml; path = Info.plist; sourceTree = "<group>"; };
		4FA68AB71A2324E50007ACC8 /* main.m */ = {isa = PBXFileReference; lastKnownFileType = sourcecode.c.objc; path = main.m; sourceTree = "<group>"; };
		4FA68AB91A2324E50007ACC8 /* AppDelegate.h */ = {isa = PBXFileReference; lastKnownFileType = sourcecode.c.h; path = AppDelegate.h; sourceTree = "<group>"; };
		4FA68ABA1A2324E50007ACC8 /* AppDelegate.m */ = {isa = PBXFileReference; lastKnownFileType = sourcecode.c.objc; path = AppDelegate.m; sourceTree = "<group>"; };
		4FA68ABC1A2324E50007ACC8 /* ViewController.h */ = {isa = PBXFileReference; lastKnownFileType = sourcecode.c.h; path = ViewController.h; sourceTree = "<group>"; };
		4FA68ABD1A2324E50007ACC8 /* ViewController.m */ = {isa = PBXFileReference; lastKnownFileType = sourcecode.c.objc; path = ViewController.m; sourceTree = "<group>"; };
		4FA68AC01A2324E50007ACC8 /* Base */ = {isa = PBXFileReference; lastKnownFileType = file.storyboard; name = Base; path = Base.lproj/Main.storyboard; sourceTree = "<group>"; };
		4FA68AC21A2324E50007ACC8 /* Images.xcassets */ = {isa = PBXFileReference; lastKnownFileType = folder.assetcatalog; path = Images.xcassets; sourceTree = "<group>"; };
		4FA68AC51A2324E50007ACC8 /* Base */ = {isa = PBXFileReference; lastKnownFileType = file.xib; name = Base; path = Base.lproj/LaunchScreen.xib; sourceTree = "<group>"; };
		4FA68ACB1A2324E50007ACC8 /* HFDatabaseTests.xctest */ = {isa = PBXFileReference; explicitFileType = wrapper.cfbundle; includeInIndex = 0; path = HFDatabaseTests.xctest; sourceTree = BUILT_PRODUCTS_DIR; };
		4FA68AD01A2324E50007ACC8 /* Info.plist */ = {isa = PBXFileReference; lastKnownFileType = text.plist.xml; path = Info.plist; sourceTree = "<group>"; };
		4FA68AD11A2324E50007ACC8 /* HFDatabaseTests.m */ = {isa = PBXFileReference; lastKnownFileType = sourcecode.c.objc; path = HFDatabaseTests.m; sourceTree = "<group>"; };
		4FA68ADB1A2325300007ACC8 /* libsqlite3.dylib */ = {isa = PBXFileReference; lastKnownFileType = "compiled.mach-o.dylib"; name = libsqlite3.dylib; path = usr/lib/libsqlite3.dylib; sourceTree = SDKROOT; };
		4FA68ADD1A2325460007ACC8 /* HFDBManager.h */ = {isa = PBXFileReference; fileEncoding = 4; lastKnownFileType = sourcecode.c.h; path = HFDBManager.h; sourceTree = "<group>"; };
		4FA68ADE1A2325460007ACC8 /* HFDBManager.m */ = {isa = PBXFileReference; fileEncoding = 4; lastKnownFileType = sourcecode.c.objc; path = HFDBManager.m; sourceTree = "<group>"; };
		4FABFF9D1A2326E10017CBAC /* DetailViewController.h */ = {isa = PBXFileReference; fileEncoding = 4; lastKnownFileType = sourcecode.c.h; path = DetailViewController.h; sourceTree = "<group>"; };
		4FABFF9E1A2326E10017CBAC /* DetailViewController.m */ = {isa = PBXFileReference; fileEncoding = 4; lastKnownFileType = sourcecode.c.objc; path = DetailViewController.m; sourceTree = "<group>"; };
/* End PBXFileReference section */

/* Begin PBXFrameworksBuildPhase section */
		4FA68AAF1A2324E50007ACC8 /* Frameworks */ = {
			isa = PBXFrameworksBuildPhase;
			buildActionMask = 2147483647;
			files = (
				4FA68ADC1A2325300007ACC8 /* libsqlite3.dylib in Frameworks */,
			);
			runOnlyForDeploymentPostprocessing = 0;
		};
		4FA68AC81A2324E50007ACC8 /* Frameworks */ = {
			isa = PBXFrameworksBuildPhase;
			buildActionMask = 2147483647;
			files = (
			);
			runOnlyForDeploymentPostprocessing = 0;
		};
/* End PBXFrameworksBuildPhase section */

/* Begin PBXGroup section */
		4FA68AA91A2324E50007ACC8 = {
			isa = PBXGroup;
			children = (
				4FA68ADB1A2325300007ACC8 /* libsqlite3.dylib */,
				4FA68AB41A2324E50007ACC8 /* HFDatabase */,
				4FA68ACE1A2324E50007ACC8 /* HFDatabaseTests */,
				4FA68AB31A2324E50007ACC8 /* Products */,
			);
			sourceTree = "<group>";
		};
		4FA68AB31A2324E50007ACC8 /* Products */ = {
			isa = PBXGroup;
			children = (
				4FA68AB21A2324E50007ACC8 /* HFDatabase.app */,
				4FA68ACB1A2324E50007ACC8 /* HFDatabaseTests.xctest */,
			);
			name = Products;
			sourceTree = "<group>";
		};
		4FA68AB41A2324E50007ACC8 /* HFDatabase */ = {
			isa = PBXGroup;
			children = (
				4FA68AB91A2324E50007ACC8 /* AppDelegate.h */,
				4FA68ABA1A2324E50007ACC8 /* AppDelegate.m */,
				4FA68ABC1A2324E50007ACC8 /* ViewController.h */,
				4FA68ABD1A2324E50007ACC8 /* ViewController.m */,
				4FA68ABF1A2324E50007ACC8 /* Main.storyboard */,
				4FA68AC21A2324E50007ACC8 /* Images.xcassets */,
				4FA68AC41A2324E50007ACC8 /* LaunchScreen.xib */,
				4FA68AB51A2324E50007ACC8 /* Supporting Files */,
				4FA68ADD1A2325460007ACC8 /* HFDBManager.h */,
				4FA68ADE1A2325460007ACC8 /* HFDBManager.m */,
				4FABFF9D1A2326E10017CBAC /* DetailViewController.h */,
				4FABFF9E1A2326E10017CBAC /* DetailViewController.m */,
				4F4AC69B1A241E44000EA74E /* Person.h */,
				4F4AC69C1A241E45000EA74E /* Person.m */,
			);
			path = HFDatabase;
			sourceTree = "<group>";
		};
		4FA68AB51A2324E50007ACC8 /* Supporting Files */ = {
			isa = PBXGroup;
			children = (
				4FA68AB61A2324E50007ACC8 /* Info.plist */,
				4FA68AB71A2324E50007ACC8 /* main.m */,
			);
			name = "Supporting Files";
			sourceTree = "<group>";
		};
		4FA68ACE1A2324E50007ACC8 /* HFDatabaseTests */ = {
			isa = PBXGroup;
			children = (
				4FA68AD11A2324E50007ACC8 /* HFDatabaseTests.m */,
				4FA68ACF1A2324E50007ACC8 /* Supporting Files */,
			);
			path = HFDatabaseTests;
			sourceTree = "<group>";
		};
		4FA68ACF1A2324E50007ACC8 /* Supporting Files */ = {
			isa = PBXGroup;
			children = (
				4FA68AD01A2324E50007ACC8 /* Info.plist */,
			);
			name = "Supporting Files";
			sourceTree = "<group>";
		};
/* End PBXGroup section */

/* Begin PBXNativeTarget section */
		4FA68AB11A2324E50007ACC8 /* HFDatabase */ = {
			isa = PBXNativeTarget;
			buildConfigurationList = 4FA68AD51A2324E50007ACC8 /* Build configuration list for PBXNativeTarget "HFDatabase" */;
			buildPhases = (
				4FA68AAE1A2324E50007ACC8 /* Sources */,
				4FA68AAF1A2324E50007ACC8 /* Frameworks */,
				4FA68AB01A2324E50007ACC8 /* Resources */,
			);
			buildRules = (
			);
			dependencies = (
			);
			name = HFDatabase;
			productName = HFDatabase;
			productReference = 4FA68AB21A2324E50007ACC8 /* HFDatabase.app */;
			productType = "com.apple.product-type.application";
		};
		4FA68ACA1A2324E50007ACC8 /* HFDatabaseTests */ = {
			isa = PBXNativeTarget;
			buildConfigurationList = 4FA68AD81A2324E50007ACC8 /* Build configuration list for PBXNativeTarget "HFDatabaseTests" */;
			buildPhases = (
				4FA68AC71A2324E50007ACC8 /* Sources */,
				4FA68AC81A2324E50007ACC8 /* Frameworks */,
				4FA68AC91A2324E50007ACC8 /* Resources */,
			);
			buildRules = (
			);
			dependencies = (
				4FA68ACD1A2324E50007ACC8 /* PBXTargetDependency */,
			);
			name = HFDatabaseTests;
			productName = HFDatabaseTests;
			productReference = 4FA68ACB1A2324E50007ACC8 /* HFDatabaseTests.xctest */;
			productType = "com.apple.product-type.bundle.unit-test";
		};
/* End PBXNativeTarget section */

/* Begin PBXProject section */
		4FA68AAA1A2324E50007ACC8 /* Project object */ = {
			isa = PBXProject;
			attributes = {
				LastUpgradeCheck = 0610;
				ORGANIZATIONNAME = "胡峰";
				TargetAttributes = {
					4FA68AB11A2324E50007ACC8 = {
						CreatedOnToolsVersion = 6.1;
					};
					4FA68ACA1A2324E50007ACC8 = {
						CreatedOnToolsVersion = 6.1;
						TestTargetID = 4FA68AB11A2324E50007ACC8;
					};
				};
			};
			buildConfigurationList = 4FA68AAD1A2324E50007ACC8 /* Build configuration list for PBXProject "HFDatabase" */;
			compatibilityVersion = "Xcode 3.2";
			developmentRegion = English;
			hasScannedForEncodings = 0;
			knownRegions = (
				en,
				Base,
			);
			mainGroup = 4FA68AA91A2324E50007ACC8;
			productRefGroup = 4FA68AB31A2324E50007ACC8 /* Products */;
			projectDirPath = "";
			projectRoot = "";
			targets = (
				4FA68AB11A2324E50007ACC8 /* HFDatabase */,
				4FA68ACA1A2324E50007ACC8 /* HFDatabaseTests */,
			);
		};
/* End PBXProject section */

/* Begin PBXResourcesBuildPhase section */
		4FA68AB01A2324E50007ACC8 /* Resources */ = {
			isa = PBXResourcesBuildPhase;
			buildActionMask = 2147483647;
			files = (
				4FA68AC11A2324E50007ACC8 /* Main.storyboard in Resources */,
				4FA68AC61A2324E50007ACC8 /* LaunchScreen.xib in Resources */,
				4FA68AC31A2324E50007ACC8 /* Images.xcassets in Resources */,
			);
			runOnlyForDeploymentPostprocessing = 0;
		};
		4FA68AC91A2324E50007ACC8 /* Resources */ = {
			isa = PBXResourcesBuildPhase;
			buildActionMask = 2147483647;
			files = (
			);
			runOnlyForDeploymentPostprocessing = 0;
		};
/* End PBXResourcesBuildPhase section */

/* Begin PBXSourcesBuildPhase section */
		4FA68AAE1A2324E50007ACC8 /* Sources */ = {
			isa = PBXSourcesBuildPhase;
			buildActionMask = 2147483647;
			files = (
				4FABFF9F1A2326E10017CBAC /* DetailViewController.m in Sources */,
				4F4AC69D1A241E45000EA74E /* Person.m in Sources */,
				4FA68ABE1A2324E50007ACC8 /* ViewController.m in Sources */,
				4FA68ABB1A2324E50007ACC8 /* AppDelegate.m in Sources */,
				4FA68AB81A2324E50007ACC8 /* main.m in Sources */,
				4FA68ADF1A2325460007ACC8 /* HFDBManager.m in Sources */,
			);
			runOnlyForDeploymentPostprocessing = 0;
		};
		4FA68AC71A2324E50007ACC8 /* Sources */ = {
			isa = PBXSourcesBuildPhase;
			buildActionMask = 2147483647;
			files = (
				4FA68AD21A2324E50007ACC8 /* HFDatabaseTests.m in Sources */,
			);
			runOnlyForDeploymentPostprocessing = 0;
		};
/* End PBXSourcesBuildPhase section */

/* Begin PBXTargetDependency section */
		4FA68ACD1A2324E50007ACC8 /* PBXTargetDependency */ = {
			isa = PBXTargetDependency;
			target = 4FA68AB11A2324E50007ACC8 /* HFDatabase */;
			targetProxy = 4FA68ACC1A2324E50007ACC8 /* PBXContainerItemProxy */;
		};
/* End PBXTargetDependency section */

/* Begin PBXVariantGroup section */
		4FA68ABF1A2324E50007ACC8 /* Main.storyboard */ = {
			isa = PBXVariantGroup;
			children = (
				4FA68AC01A2324E50007ACC8 /* Base */,
			);
			name = Main.storyboard;
			sourceTree = "<group>";
		};
		4FA68AC41A2324E50007ACC8 /* LaunchScreen.xib */ = {
			isa = PBXVariantGroup;
			children = (
				4FA68AC51A2324E50007ACC8 /* Base */,
			);
			name = LaunchScreen.xib;
			sourceTree = "<group>";
		};
/* End PBXVariantGroup section */

/* Begin XCBuildConfiguration section */
		4FA68AD31A2324E50007ACC8 /* Debug */ = {
			isa = XCBuildConfiguration;
			buildSettings = {
				ALWAYS_SEARCH_USER_PATHS = NO;
				CLANG_CXX_LANGUAGE_STANDARD = "gnu++0x";
				CLANG_CXX_LIBRARY = "libc++";
				CLANG_ENABLE_MODULES = YES;
				CLANG_ENABLE_OBJC_ARC = YES;
				CLANG_WARN_BOOL_CONVERSION = YES;
				CLANG_WARN_CONSTANT_CONVERSION = YES;
				CLANG_WARN_DIRECT_OBJC_ISA_USAGE = YES_ERROR;
				CLANG_WARN_EMPTY_BODY = YES;
				CLANG_WARN_ENUM_CONVERSION = YES;
				CLANG_WARN_INT_CONVERSION = YES;
				CLANG_WARN_OBJC_ROOT_CLASS = YES_ERROR;
				CLANG_WARN_UNREACHABLE_CODE = YES;
				CLANG_WARN__DUPLICATE_METHOD_MATCH = YES;
				"CODE_SIGN_IDENTITY[sdk=iphoneos*]" = "iPhone Developer";
				COPY_PHASE_STRIP = NO;
				ENABLE_STRICT_OBJC_MSGSEND = YES;
				GCC_C_LANGUAGE_STANDARD = gnu99;
				GCC_DYNAMIC_NO_PIC = NO;
				GCC_OPTIMIZATION_LEVEL = 0;
				GCC_PREPROCESSOR_DEFINITIONS = (
					"DEBUG=1",
					"$(inherited)",
				);
				GCC_SYMBOLS_PRIVATE_EXTERN = NO;
				GCC_WARN_64_TO_32_BIT_CONVERSION = YES;
				GCC_WARN_ABOUT_RETURN_TYPE = YES_ERROR;
				GCC_WARN_UNDECLARED_SELECTOR = YES;
				GCC_WARN_UNINITIALIZED_AUTOS = YES_AGGRESSIVE;
				GCC_WARN_UNUSED_FUNCTION = YES;
				GCC_WARN_UNUSED_VARIABLE = YES;
				IPHONEOS_DEPLOYMENT_TARGET = 8.1;
				MTL_ENABLE_DEBUG_INFO = YES;
				ONLY_ACTIVE_ARCH = YES;
				SDKROOT = iphoneos;
			};
			name = Debug;
		};
		4FA68AD41A2324E50007ACC8 /* Release */ = {
			isa = XCBuildConfiguration;
			buildSettings = {
				ALWAYS_SEARCH_USER_PATHS = NO;
				CLANG_CXX_LANGUAGE_STANDARD = "gnu++0x";
				CLANG_CXX_LIBRARY = "libc++";
				CLANG_ENABLE_MODULES = YES;
				CLANG_ENABLE_OBJC_ARC = YES;
				CLANG_WARN_BOOL_CONVERSION = YES;
				CLANG_WARN_CONSTANT_CONVERSION = YES;
				CLANG_WARN_DIRECT_OBJC_ISA_USAGE = YES_ERROR;
				CLANG_WARN_EMPTY_BODY = YES;
				CLANG_WARN_ENUM_CONVERSION = YES;
				CLANG_WARN_INT_CONVERSION = YES;
				CLANG_WARN_OBJC_ROOT_CLASS = YES_ERROR;
				CLANG_WARN_UNREACHABLE_CODE = YES;
				CLANG_WARN__DUPLICATE_METHOD_MATCH = YES;
				"CODE_SIGN_IDENTITY[sdk=iphoneos*]" = "iPhone Developer";
				COPY_PHASE_STRIP = YES;
				ENABLE_NS_ASSERTIONS = NO;
				ENABLE_STRICT_OBJC_MSGSEND = YES;
				GCC_C_LANGUAGE_STANDARD = gnu99;
				GCC_WARN_64_TO_32_BIT_CONVERSION = YES;
				GCC_WARN_ABOUT_RETURN_TYPE = YES_ERROR;
				GCC_WARN_UNDECLARED_SELECTOR = YES;
				GCC_WARN_UNINITIALIZED_AUTOS = YES_AGGRESSIVE;
				GCC_WARN_UNUSED_FUNCTION = YES;
				GCC_WARN_UNUSED_VARIABLE = YES;
				IPHONEOS_DEPLOYMENT_TARGET = 8.1;
				MTL_ENABLE_DEBUG_INFO = NO;
				SDKROOT = iphoneos;
				VALIDATE_PRODUCT = YES;
			};
			name = Release;
		};
		4FA68AD61A2324E50007ACC8 /* Debug */ = {
			isa = XCBuildConfiguration;
			buildSettings = {
				ASSETCATALOG_COMPILER_APPICON_NAME = AppIcon;
				INFOPLIST_FILE = HFDatabase/Info.plist;
				LD_RUNPATH_SEARCH_PATHS = "$(inherited) @executable_path/Frameworks";
				PRODUCT_NAME = "$(TARGET_NAME)";
			};
			name = Debug;
		};
		4FA68AD71A2324E50007ACC8 /* Release */ = {
			isa = XCBuildConfiguration;
			buildSettings = {
				ASSETCATALOG_COMPILER_APPICON_NAME = AppIcon;
				INFOPLIST_FILE = HFDatabase/Info.plist;
				LD_RUNPATH_SEARCH_PATHS = "$(inherited) @executable_path/Frameworks";
				PRODUCT_NAME = "$(TARGET_NAME)";
			};
			name = Release;
		};
		4FA68AD91A2324E50007ACC8 /* Debug */ = {
			isa = XCBuildConfiguration;
			buildSettings = {
				BUNDLE_LOADER = "$(TEST_HOST)";
				FRAMEWORK_SEARCH_PATHS = (
					"$(SDKROOT)/Developer/Library/Frameworks",
					"$(inherited)",
				);
				GCC_PREPROCESSOR_DEFINITIONS = (
					"DEBUG=1",
					"$(inherited)",
				);
				INFOPLIST_FILE = HFDatabaseTests/Info.plist;
				LD_RUNPATH_SEARCH_PATHS = "$(inherited) @executable_path/Frameworks @loader_path/Frameworks";
				PRODUCT_NAME = "$(TARGET_NAME)";
				TEST_HOST = "$(BUILT_PRODUCTS_DIR)/HFDatabase.app/HFDatabase";
			};
			name = Debug;
		};
		4FA68ADA1A2324E50007ACC8 /* Release */ = {
			isa = XCBuildConfiguration;
			buildSettings = {
				BUNDLE_LOADER = "$(TEST_HOST)";
				FRAMEWORK_SEARCH_PATHS = (
					"$(SDKROOT)/Developer/Library/Frameworks",
					"$(inherited)",
				);
				INFOPLIST_FILE = HFDatabaseTests/Info.plist;
				LD_RUNPATH_SEARCH_PATHS = "$(inherited) @executable_path/Frameworks @loader_path/Frameworks";
				PRODUCT_NAME = "$(TARGET_NAME)";
				TEST_HOST = "$(BUILT_PRODUCTS_DIR)/HFDatabase.app/HFDatabase";
			};
			name = Release;
		};
/* End XCBuildConfiguration section */

/* Begin XCConfigurationList section */
		4FA68AAD1A2324E50007ACC8 /* Build configuration list for PBXProject "HFDatabase" */ = {
			isa = XCConfigurationList;
			buildConfigurations = (
				4FA68AD31A2324E50007ACC8 /* Debug */,
				4FA68AD41A2324E50007ACC8 /* Release */,
			);
			defaultConfigurationIsVisible = 0;
			defaultConfigurationName = Release;
		};
		4FA68AD51A2324E50007ACC8 /* Build configuration list for PBXNativeTarget "HFDatabase" */ = {
			isa = XCConfigurationList;
			buildConfigurations = (
				4FA68AD61A2324E50007ACC8 /* Debug */,
				4FA68AD71A2324E50007ACC8 /* Release */,
			);
			defaultConfigurationIsVisible = 0;
			defaultConfigurationName = Release;
		};
		4FA68AD81A2324E50007ACC8 /* Build configuration list for PBXNativeTarget "HFDatabaseTests" */ = {
			isa = XCConfigurationList;
			buildConfigurations = (
				4FA68AD91A2324E50007ACC8 /* Debug */,
				4FA68ADA1A2324E50007ACC8 /* Release */,
			);
			defaultConfigurationIsVisible = 0;
			defaultConfigurationName = Release;
		};
/* End XCConfigurationList section */
	};
	rootObject = 4FA68AAA1A2324E50007ACC8 /* Project object */;
}
